
Microsoft Visual Studio Solution File, Format Version 12.00
# Visual Studio Version 17
VisualStudioVersion = 17.6.33815.320
MinimumVisualStudioVersion = 10.0.40219.1
Project("{FAE04EC0-301F-11D3-BF4B-00C04F79EFBC}") = "Lab08-PhilsLendingLibrary", "Lab08-PhilsLendingLibrary\Lab08-PhilsLendingLibrary.csproj", "{4EBE4C12-5434-4D39-8AD4-3D656BB92172}"
EndProject
Global
	GlobalSection(SolutionConfigurationPlatforms) = preSolution
		Debug|Any CPU = Debug|Any CPU
		Release|Any CPU = Release|Any CPU
	EndGlobalSection
	GlobalSection(ProjectConfigurationPlatforms) = postSolution
		{4EBE4C12-5434-4D39-8AD4-3D656BB92172}.Debug|Any CPU.ActiveCfg = Debug|Any CPU
		{4EBE4C12-5434-4D39-8AD4-3D656BB92172}.Debug|Any CPU.Build.0 = Debug|Any CPU
		{4EBE4C12-5434-4D39-8AD4-3D656BB92172}.Release|Any CPU.ActiveCfg = Release|Any CPU
		{4EBE4C12-5434-4D39-8AD4-3D656BB92172}.Release|Any CPU.Build.0 = Release|Any CPU
	EndGlobalSection
	GlobalSection(SolutionProperties) = preSolution
		HideSolutionNode = FALSE
	EndGlobalSection
	GlobalSection(ExtensibilityGlobals) = postSolution
		SolutionGuid = {AC693ED4-4011-4F8A-B98D-0BD45B1303C1}
	EndGlobalSection
EndGlobal
